
Microsoft Visual Studio Solution File, Format Version 12.00
# Visual Studio Version 17
VisualStudioVersion = 17.3.32811.315
MinimumVisualStudioVersion = 10.0.40219.1
Project("{FAE04EC0-301F-11D3-BF4B-00C04F79EFBC}") = "Benchmarks", "Benchmarks/Benchmarks.csproj", "{0CCF3744-447B-4359-91D0-AFF013F1E0A9}"
EndProject
Global
	GlobalSection(SolutionConfigurationPlatforms) = preSolution
		Debug|Any CPU = Debug|Any CPU
		Release|Any CPU = Release|Any CPU
	EndGlobalSection
	GlobalSection(ProjectConfigurationPlatforms) = postSolution
		{0CCF3744-447B-4359-91D0-AFF013F1E0A9}.Debug|Any CPU.ActiveCfg = Debug|Any CPU
		{0CCF3744-447B-4359-91D0-AFF013F1E0A9}.Debug|Any CPU.Build.0 = Debug|Any CPU
		{0CCF3744-447B-4359-91D0-AFF013F1E0A9}.Release|Any CPU.ActiveCfg = Release|Any CPU
		{0CCF3744-447B-4359-91D0-AFF013F1E0A9}.Release|Any CPU.Build.0 = Release|Any CPU
	EndGlobalSection
	GlobalSection(SolutionProperties) = preSolution
		HideSolutionNode = FALSE
	EndGlobalSection
	GlobalSection(ExtensibilityGlobals) = postSolution
		SolutionGuid = {2706167A-8F4E-4D65-9E7D-6E9448AC8DE7}
	EndGlobalSection
EndGlobal
